
Microsoft Visual Studio Solution File, Format Version 12.00
# Visual Studio Version 16
VisualStudioVersion = 16.0.30413.136
MinimumVisualStudioVersion = 10.0.40219.1
Project("{FAE04EC0-301F-11D3-BF4B-00C04F79EFBC}") = "IMG_App.Android", "IMG_App\IMG_App.Android\IMG_App.Android.csproj", "{04E088CC-703C-4C6F-93C4-466E7D384A17}"
EndProject
Project("{FAE04EC0-301F-11D3-BF4B-00C04F79EFBC}") = "IMG_App", "IMG_App\IMG_App\IMG_App.csproj", "{DFB47B82-E9F5-466A-9DA3-E97562717EFF}"
EndProject
Global
	GlobalSection(SolutionConfigurationPlatforms) = preSolution
		Debug|Any CPU = Debug|Any CPU
		Release|Any CPU = Release|Any CPU
	EndGlobalSection
	GlobalSection(ProjectConfigurationPlatforms) = postSolution
		{04E088CC-703C-4C6F-93C4-466E7D384A17}.Debug|Any CPU.ActiveCfg = Debug|Any CPU
		{04E088CC-703C-4C6F-93C4-466E7D384A17}.Debug|Any CPU.Build.0 = Debug|Any CPU
		{04E088CC-703C-4C6F-93C4-466E7D384A17}.Debug|Any CPU.Deploy.0 = Debug|Any CPU
		{04E088CC-703C-4C6F-93C4-466E7D384A17}.Release|Any CPU.ActiveCfg = Release|Any CPU
		{04E088CC-703C-4C6F-93C4-466E7D384A17}.Release|Any CPU.Build.0 = Release|Any CPU
		{04E088CC-703C-4C6F-93C4-466E7D384A17}.Release|Any CPU.Deploy.0 = Release|Any CPU
		{DFB47B82-E9F5-466A-9DA3-E97562717EFF}.Debug|Any CPU.ActiveCfg = Debug|Any CPU
		{DFB47B82-E9F5-466A-9DA3-E97562717EFF}.Debug|Any CPU.Build.0 = Debug|Any CPU
		{DFB47B82-E9F5-466A-9DA3-E97562717EFF}.Debug|Any CPU.Deploy.0 = Debug|Any CPU
		{DFB47B82-E9F5-466A-9DA3-E97562717EFF}.Release|Any CPU.ActiveCfg = Release|Any CPU
		{DFB47B82-E9F5-466A-9DA3-E97562717EFF}.Release|Any CPU.Build.0 = Release|Any CPU
		{DFB47B82-E9F5-466A-9DA3-E97562717EFF}.Release|Any CPU.Deploy.0 = Release|Any CPU
	EndGlobalSection
	GlobalSection(SolutionProperties) = preSolution
		HideSolutionNode = FALSE
	EndGlobalSection
	GlobalSection(ExtensibilityGlobals) = postSolution
		SolutionGuid = {412BE269-A404-43F8-AA0D-C2A7FA0BD587}
	EndGlobalSection
EndGlobal
